schema: '2.0'
stages:
  training:
    cmd: python -m src.training.train
    deps:
    - path: data/wikitext-train.txt
      hash: md5
      md5: 55bee1507e473fa1e449ac0f127b5988
      size: 10951562
    - path: data/wikitext-val.txt
      hash: md5
      md5: 987a1022ed54978af94031b9135a3de2
      size: 1148007
    - path: src/training/train.py
      hash: md5
      md5: 71f436efdfadf91c15746cef272ce281
      size: 5427
    outs:
    - path: models/candidate/config.yaml
      hash: md5
      md5: 9f9dfeba57d8ee4335ac14d96962e2fa
      size: 415
    - path: models/candidate/trained_model.pt
      hash: md5
      md5: b2781ef693e36d3794f73958217d5e31
      size: 52330758
  evaluate:
    cmd: python -m src.training.evaluate --model-path 
      models/candidate/trained_model.pt --output-path 
      models/candidate/metrics.json --config-path models/candidate/config.yaml
    deps:
    - path: data/wikitext-test.txt
      hash: md5
      md5: 53167f0759305aa3c7ff756a2c37236e
      size: 1292013
    - path: models/candidate/trained_model.pt
      hash: md5
      md5: b2781ef693e36d3794f73958217d5e31
      size: 52330758
    - path: src/training/evaluate.py
      hash: md5
      md5: ddd9a40b203eeeaf0a609e1ce27aeadf
      size: 4399
    outs:
    - path: models/candidate/metrics.json
      hash: md5
      md5: ef593a63d28b091e294901dbdfcf1aa0
      size: 32
  training_data_prep:
    cmd: python -m src.data.preprocess
    outs:
    - path: data/wikitext-test.txt
      hash: md5
      md5: 53167f0759305aa3c7ff756a2c37236e
      size: 1292013
    - path: data/wikitext-train.txt
      hash: md5
      md5: 55bee1507e473fa1e449ac0f127b5988
      size: 10951562
    - path: data/wikitext-val.txt
      hash: md5
      md5: 987a1022ed54978af94031b9135a3de2
      size: 1148007
  upload_data:
    cmd: dvc push data/wikitext-train.txt data/wikitext-val.txt 
      data/wikitext-test.txt
    deps:
    - path: data/wikitext-test.txt
      hash: md5
      md5: 53167f0759305aa3c7ff756a2c37236e
      size: 1292013
    - path: data/wikitext-train.txt
      hash: md5
      md5: 55bee1507e473fa1e449ac0f127b5988
      size: 10951562
    - path: data/wikitext-val.txt
      hash: md5
      md5: 987a1022ed54978af94031b9135a3de2
      size: 1148007
  upload_model:
    cmd: dvc push models/candidate/trained_model.pt 
      models/candidate/metrics.json models/candidate/config.yaml
    deps:
    - path: models/candidate/config.yaml
      hash: md5
      md5: 9f9dfeba57d8ee4335ac14d96962e2fa
      size: 415
    - path: models/candidate/metrics.json
      hash: md5
      md5: ef593a63d28b091e294901dbdfcf1aa0
      size: 32
    - path: models/candidate/trained_model.pt
      hash: md5
      md5: b2781ef693e36d3794f73958217d5e31
      size: 52330758
  promote_model:
    cmd: python -m src.training.promote
    deps:
    - path: models/candidate/config.yaml
      hash: md5
      md5: 9f9dfeba57d8ee4335ac14d96962e2fa
      size: 415
    - path: models/candidate/metrics.json
      hash: md5
      md5: ef593a63d28b091e294901dbdfcf1aa0
      size: 32
    - path: models/candidate/trained_model.pt
      hash: md5
      md5: b2781ef693e36d3794f73958217d5e31
      size: 52330758
    outs:
    - path: models/champion/config.yaml
      hash: md5
      md5: 9f9dfeba57d8ee4335ac14d96962e2fa
      size: 415
    - path: models/champion/metrics.json
      hash: md5
      md5: ef593a63d28b091e294901dbdfcf1aa0
      size: 32
    - path: models/champion/trained_model.pt
      hash: md5
      md5: b2781ef693e36d3794f73958217d5e31
      size: 52330758
